
Microsoft Visual Studio Solution File, Format Version 12.00
# Visual Studio Version 16
VisualStudioVersion = 16.0.810.12
MinimumVisualStudioVersion = 10.0.40219.1
Project("{FAE04EC0-301F-11D3-BF4B-00C04F79EFBC}") = "xapp001.Android", "xapp001.Android\xapp001.Android.csproj", "{37FED043-66B7-4905-9DB7-0944474C0156}"
EndProject
Project("{FAE04EC0-301F-11D3-BF4B-00C04F79EFBC}") = "xapp001.iOS", "xapp001.iOS\xapp001.iOS.csproj", "{8102D059-1122-4458-8EAA-9680AE5DCCAB}"
EndProject
Project("{FAE04EC0-301F-11D3-BF4B-00C04F79EFBC}") = "xapp001", "xapp001\xapp001.csproj", "{7907F9D5-D90A-43B2-BD2F-4E59E5EB410B}"
EndProject
Project("{FAE04EC0-301F-11D3-BF4B-00C04F79EFBC}") = "IPificationAARBinding", "IPificationAARBinding\IPificationAARBinding\IPificationAARBinding.csproj", "{6BD27EB7-09B5-4F04-B020-801263B9E5C1}"
EndProject
Project("{FAE04EC0-301F-11D3-BF4B-00C04F79EFBC}") = "IPificationFrameworkBinding", "IPificationFrameworkBinding\IPificationFrameworkBinding\IPificationFrameworkBinding.csproj", "{ED3C9AFE-C1B6-4636-A823-5C1FF3D56D1F}"
EndProject
Global
	GlobalSection(SolutionConfigurationPlatforms) = preSolution
		Debug|Any CPU = Debug|Any CPU
		Release|Any CPU = Release|Any CPU
		Debug|iPhoneSimulator = Debug|iPhoneSimulator
		Release|iPhoneSimulator = Release|iPhoneSimulator
		Debug|iPhone = Debug|iPhone
		Release|iPhone = Release|iPhone
	EndGlobalSection
	GlobalSection(ProjectConfigurationPlatforms) = postSolution
		{37FED043-66B7-4905-9DB7-0944474C0156}.Debug|Any CPU.ActiveCfg = Debug|Any CPU
		{37FED043-66B7-4905-9DB7-0944474C0156}.Debug|Any CPU.Build.0 = Debug|Any CPU
		{37FED043-66B7-4905-9DB7-0944474C0156}.Release|Any CPU.ActiveCfg = Release|Any CPU
		{37FED043-66B7-4905-9DB7-0944474C0156}.Release|Any CPU.Build.0 = Release|Any CPU
		{37FED043-66B7-4905-9DB7-0944474C0156}.Debug|iPhoneSimulator.ActiveCfg = Debug|Any CPU
		{37FED043-66B7-4905-9DB7-0944474C0156}.Debug|iPhoneSimulator.Build.0 = Debug|Any CPU
		{37FED043-66B7-4905-9DB7-0944474C0156}.Release|iPhoneSimulator.ActiveCfg = Release|Any CPU
		{37FED043-66B7-4905-9DB7-0944474C0156}.Release|iPhoneSimulator.Build.0 = Release|Any CPU
		{37FED043-66B7-4905-9DB7-0944474C0156}.Debug|iPhone.ActiveCfg = Debug|Any CPU
		{37FED043-66B7-4905-9DB7-0944474C0156}.Debug|iPhone.Build.0 = Debug|Any CPU
		{37FED043-66B7-4905-9DB7-0944474C0156}.Release|iPhone.ActiveCfg = Release|Any CPU
		{37FED043-66B7-4905-9DB7-0944474C0156}.Release|iPhone.Build.0 = Release|Any CPU
		{8102D059-1122-4458-8EAA-9680AE5DCCAB}.Debug|Any CPU.ActiveCfg = Debug|iPhoneSimulator
		{8102D059-1122-4458-8EAA-9680AE5DCCAB}.Debug|Any CPU.Build.0 = Debug|iPhoneSimulator
		{8102D059-1122-4458-8EAA-9680AE5DCCAB}.Release|Any CPU.ActiveCfg = Release|iPhoneSimulator
		{8102D059-1122-4458-8EAA-9680AE5DCCAB}.Release|Any CPU.Build.0 = Release|iPhoneSimulator
		{8102D059-1122-4458-8EAA-9680AE5DCCAB}.Debug|iPhoneSimulator.ActiveCfg = Debug|iPhoneSimulator
		{8102D059-1122-4458-8EAA-9680AE5DCCAB}.Debug|iPhoneSimulator.Build.0 = Debug|iPhoneSimulator
		{8102D059-1122-4458-8EAA-9680AE5DCCAB}.Release|iPhoneSimulator.ActiveCfg = Release|iPhoneSimulator
		{8102D059-1122-4458-8EAA-9680AE5DCCAB}.Release|iPhoneSimulator.Build.0 = Release|iPhoneSimulator
		{8102D059-1122-4458-8EAA-9680AE5DCCAB}.Debug|iPhone.ActiveCfg = Debug|iPhone
		{8102D059-1122-4458-8EAA-9680AE5DCCAB}.Debug|iPhone.Build.0 = Debug|iPhone
		{8102D059-1122-4458-8EAA-9680AE5DCCAB}.Release|iPhone.ActiveCfg = Release|iPhone
		{8102D059-1122-4458-8EAA-9680AE5DCCAB}.Release|iPhone.Build.0 = Release|iPhone
		{7907F9D5-D90A-43B2-BD2F-4E59E5EB410B}.Debug|Any CPU.ActiveCfg = Debug|Any CPU
		{7907F9D5-D90A-43B2-BD2F-4E59E5EB410B}.Debug|Any CPU.Build.0 = Debug|Any CPU
		{7907F9D5-D90A-43B2-BD2F-4E59E5EB410B}.Release|Any CPU.ActiveCfg = Release|Any CPU
		{7907F9D5-D90A-43B2-BD2F-4E59E5EB410B}.Release|Any CPU.Build.0 = Release|Any CPU
		{7907F9D5-D90A-43B2-BD2F-4E59E5EB410B}.Debug|iPhoneSimulator.ActiveCfg = Debug|Any CPU
		{7907F9D5-D90A-43B2-BD2F-4E59E5EB410B}.Debug|iPhoneSimulator.Build.0 = Debug|Any CPU
		{7907F9D5-D90A-43B2-BD2F-4E59E5EB410B}.Release|iPhoneSimulator.ActiveCfg = Release|Any CPU
		{7907F9D5-D90A-43B2-BD2F-4E59E5EB410B}.Release|iPhoneSimulator.Build.0 = Release|Any CPU
		{7907F9D5-D90A-43B2-BD2F-4E59E5EB410B}.Debug|iPhone.ActiveCfg = Debug|Any CPU
		{7907F9D5-D90A-43B2-BD2F-4E59E5EB410B}.Debug|iPhone.Build.0 = Debug|Any CPU
		{7907F9D5-D90A-43B2-BD2F-4E59E5EB410B}.Release|iPhone.ActiveCfg = Release|Any CPU
		{7907F9D5-D90A-43B2-BD2F-4E59E5EB410B}.Release|iPhone.Build.0 = Release|Any CPU
		{6BD27EB7-09B5-4F04-B020-801263B9E5C1}.Debug|Any CPU.ActiveCfg = Debug|Any CPU
		{6BD27EB7-09B5-4F04-B020-801263B9E5C1}.Debug|Any CPU.Build.0 = Debug|Any CPU
		{6BD27EB7-09B5-4F04-B020-801263B9E5C1}.Release|Any CPU.ActiveCfg = Release|Any CPU
		{6BD27EB7-09B5-4F04-B020-801263B9E5C1}.Release|Any CPU.Build.0 = Release|Any CPU
		{6BD27EB7-09B5-4F04-B020-801263B9E5C1}.Debug|iPhoneSimulator.ActiveCfg = Debug|Any CPU
		{6BD27EB7-09B5-4F04-B020-801263B9E5C1}.Debug|iPhoneSimulator.Build.0 = Debug|Any CPU
		{6BD27EB7-09B5-4F04-B020-801263B9E5C1}.Release|iPhoneSimulator.ActiveCfg = Release|Any CPU
		{6BD27EB7-09B5-4F04-B020-801263B9E5C1}.Release|iPhoneSimulator.Build.0 = Release|Any CPU
		{6BD27EB7-09B5-4F04-B020-801263B9E5C1}.Debug|iPhone.ActiveCfg = Debug|Any CPU
		{6BD27EB7-09B5-4F04-B020-801263B9E5C1}.Debug|iPhone.Build.0 = Debug|Any CPU
		{6BD27EB7-09B5-4F04-B020-801263B9E5C1}.Release|iPhone.ActiveCfg = Release|Any CPU
		{6BD27EB7-09B5-4F04-B020-801263B9E5C1}.Release|iPhone.Build.0 = Release|Any CPU
		{ED3C9AFE-C1B6-4636-A823-5C1FF3D56D1F}.Debug|Any CPU.ActiveCfg = Debug|Any CPU
		{ED3C9AFE-C1B6-4636-A823-5C1FF3D56D1F}.Debug|Any CPU.Build.0 = Debug|Any CPU
		{ED3C9AFE-C1B6-4636-A823-5C1FF3D56D1F}.Release|Any CPU.ActiveCfg = Release|Any CPU
		{ED3C9AFE-C1B6-4636-A823-5C1FF3D56D1F}.Release|Any CPU.Build.0 = Release|Any CPU
		{ED3C9AFE-C1B6-4636-A823-5C1FF3D56D1F}.Debug|iPhoneSimulator.ActiveCfg = Debug|Any CPU
		{ED3C9AFE-C1B6-4636-A823-5C1FF3D56D1F}.Debug|iPhoneSimulator.Build.0 = Debug|Any CPU
		{ED3C9AFE-C1B6-4636-A823-5C1FF3D56D1F}.Release|iPhoneSimulator.ActiveCfg = Release|Any CPU
		{ED3C9AFE-C1B6-4636-A823-5C1FF3D56D1F}.Release|iPhoneSimulator.Build.0 = Release|Any CPU
		{ED3C9AFE-C1B6-4636-A823-5C1FF3D56D1F}.Debug|iPhone.ActiveCfg = Debug|Any CPU
		{ED3C9AFE-C1B6-4636-A823-5C1FF3D56D1F}.Debug|iPhone.Build.0 = Debug|Any CPU
		{ED3C9AFE-C1B6-4636-A823-5C1FF3D56D1F}.Release|iPhone.ActiveCfg = Release|Any CPU
		{ED3C9AFE-C1B6-4636-A823-5C1FF3D56D1F}.Release|iPhone.Build.0 = Release|Any CPU
	EndGlobalSection
	GlobalSection(SolutionProperties) = preSolution
		HideSolutionNode = FALSE
	EndGlobalSection
	GlobalSection(ExtensibilityGlobals) = postSolution
		SolutionGuid = {D915B496-1860-47DC-A41D-1BF29F6D2D2A}
	EndGlobalSection
EndGlobal
