
Microsoft Visual Studio Solution File, Format Version 12.00
# Visual Studio Version 16
VisualStudioVersion = 16.0.809.7
MinimumVisualStudioVersion = 10.0.40219.1
Project("{FAE04EC0-301F-11D3-BF4B-00C04F79EFBC}") = "IPificationFrameworkBinding", "IPificationFrameworkBinding\IPificationFrameworkBinding.csproj", "{ED3C9AFE-C1B6-4636-A823-5C1FF3D56D1F}"
EndProject
Global
	GlobalSection(SolutionConfigurationPlatforms) = preSolution
		Debug|Any CPU = Debug|Any CPU
		Release|Any CPU = Release|Any CPU
	EndGlobalSection
	GlobalSection(ProjectConfigurationPlatforms) = postSolution
		{ED3C9AFE-C1B6-4636-A823-5C1FF3D56D1F}.Debug|Any CPU.ActiveCfg = Debug|Any CPU
		{ED3C9AFE-C1B6-4636-A823-5C1FF3D56D1F}.Debug|Any CPU.Build.0 = Debug|Any CPU
		{ED3C9AFE-C1B6-4636-A823-5C1FF3D56D1F}.Release|Any CPU.ActiveCfg = Release|Any CPU
		{ED3C9AFE-C1B6-4636-A823-5C1FF3D56D1F}.Release|Any CPU.Build.0 = Release|Any CPU
	EndGlobalSection
	GlobalSection(SolutionProperties) = preSolution
		HideSolutionNode = FALSE
	EndGlobalSection
	GlobalSection(ExtensibilityGlobals) = postSolution
		SolutionGuid = {0A7C4ED5-E27F-4BA9-AA35-3067D3C848FD}
	EndGlobalSection
EndGlobal
