
Microsoft Visual Studio Solution File, Format Version 12.00
# Visual Studio Version 16
VisualStudioVersion = 16.0.809.7
MinimumVisualStudioVersion = 10.0.40219.1
Project("{FAE04EC0-301F-11D3-BF4B-00C04F79EFBC}") = "IPificationAARBinding", "IPificationAARBinding\IPificationAARBinding.csproj", "{6BD27EB7-09B5-4F04-B020-801263B9E5C1}"
EndProject
Global
	GlobalSection(SolutionConfigurationPlatforms) = preSolution
		Debug|Any CPU = Debug|Any CPU
		Release|Any CPU = Release|Any CPU
	EndGlobalSection
	GlobalSection(ProjectConfigurationPlatforms) = postSolution
		{6BD27EB7-09B5-4F04-B020-801263B9E5C1}.Debug|Any CPU.ActiveCfg = Debug|Any CPU
		{6BD27EB7-09B5-4F04-B020-801263B9E5C1}.Debug|Any CPU.Build.0 = Debug|Any CPU
		{6BD27EB7-09B5-4F04-B020-801263B9E5C1}.Release|Any CPU.ActiveCfg = Release|Any CPU
		{6BD27EB7-09B5-4F04-B020-801263B9E5C1}.Release|Any CPU.Build.0 = Release|Any CPU
	EndGlobalSection
	GlobalSection(SolutionProperties) = preSolution
		HideSolutionNode = FALSE
	EndGlobalSection
	GlobalSection(ExtensibilityGlobals) = postSolution
		SolutionGuid = {6CC962E5-35A2-4C93-9075-3BD0C8B93CC2}
	EndGlobalSection
EndGlobal
